// !$*UTF8*$!
{
	archiveVersion = 1;
	classes = {
	};
	objectVersion = 51;
	objects = {

/* Begin PBXBuildFile section */
		3554995AD49C6452288B994F /* Pods_Top10News.framework in Frameworks */ = {isa = PBXBuildFile; fileRef = DF2BF7A9521A9934644F0E97 /* Pods_Top10News.framework */; };
		67301ED524DD6E3D00B861C6 /* BookmarkService.swift in Sources */ = {isa = PBXBuildFile; fileRef = 67301ED424DD6E3D00B861C6 /* BookmarkService.swift */; };
		67301ED724DE407A00B861C6 /* Bookmark.swift in Sources */ = {isa = PBXBuildFile; fileRef = 67301ED624DE407A00B861C6 /* Bookmark.swift */; };
		67301ED924DEBCF000B861C6 /* BookmarkTableViewCell.swift in Sources */ = {isa = PBXBuildFile; fileRef = 67301ED824DEBCF000B861C6 /* BookmarkTableViewCell.swift */; };
		67301EDB24E0756900B861C6 /* ExploreFeedController.swift in Sources */ = {isa = PBXBuildFile; fileRef = 67301EDA24E0756900B861C6 /* ExploreFeedController.swift */; };
		6744CF5624CF4CC700685AD3 /* GoogleService-Info.plist in Resources */ = {isa = PBXBuildFile; fileRef = 6744CF5524CF4CC700685AD3 /* GoogleService-Info.plist */; };
		674765DD24D0A7B100C66464 /* AuthService.swift in Sources */ = {isa = PBXBuildFile; fileRef = 674765DC24D0A7B100C66464 /* AuthService.swift */; };
		674765DF24D10BFE00C66464 /* UserService.swift in Sources */ = {isa = PBXBuildFile; fileRef = 674765DE24D10BFE00C66464 /* UserService.swift */; };
		674765E124D1122400C66464 /* User.swift in Sources */ = {isa = PBXBuildFile; fileRef = 674765E024D1122400C66464 /* User.swift */; };
		6751C7A924D1F2D50007E5A4 /* NewsCard.swift in Sources */ = {isa = PBXBuildFile; fileRef = 6751C7A824D1F2D50007E5A4 /* NewsCard.swift */; };
		6751C7AB24D265030007E5A4 /* NewsCardCell.swift in Sources */ = {isa = PBXBuildFile; fileRef = 6751C7AA24D265020007E5A4 /* NewsCardCell.swift */; };
		6751C7AF24D2DCC50007E5A4 /* Raleway-Bold.ttf in Resources */ = {isa = PBXBuildFile; fileRef = 6751C7AE24D2DCC50007E5A4 /* Raleway-Bold.ttf */; };
		67A828B424D57E5300E2884D /* NewsCardFeedController.swift in Sources */ = {isa = PBXBuildFile; fileRef = 67A828B324D57E5300E2884D /* NewsCardFeedController.swift */; };
		67A828B624D6D34B00E2884D /* NewsCardViewModel.swift in Sources */ = {isa = PBXBuildFile; fileRef = 67A828B524D6D34B00E2884D /* NewsCardViewModel.swift */; };
		67A828B824D7B12C00E2884D /* WebService.swift in Sources */ = {isa = PBXBuildFile; fileRef = 67A828B724D7B12C00E2884D /* WebService.swift */; };
		67A828BA24D7B25C00E2884D /* Article.swift in Sources */ = {isa = PBXBuildFile; fileRef = 67A828B924D7B25C00E2884D /* Article.swift */; };
		67A828BC24D7B2E600E2884D /* ArticleList.swift in Sources */ = {isa = PBXBuildFile; fileRef = 67A828BB24D7B2E600E2884D /* ArticleList.swift */; };
		67A828BE24D7B99200E2884D /* NewsCardFeedViewModel.swift in Sources */ = {isa = PBXBuildFile; fileRef = 67A828BD24D7B99200E2884D /* NewsCardFeedViewModel.swift */; };
		67A828C024D8198500E2884D /* ArticleListViewModel.swift in Sources */ = {isa = PBXBuildFile; fileRef = 67A828BF24D8198500E2884D /* ArticleListViewModel.swift */; };
		67A828C224D81B7E00E2884D /* News10TableViewCell.swift in Sources */ = {isa = PBXBuildFile; fileRef = 67A828C124D81B7E00E2884D /* News10TableViewCell.swift */; };
		67B459F424E2A6D90080037B /* ProfileMenuController.swift in Sources */ = {isa = PBXBuildFile; fileRef = 67B459F324E2A6D90080037B /* ProfileMenuController.swift */; };
		67BA7DB824E69BB200E67A63 /* UpdateUserProfileController.swift in Sources */ = {isa = PBXBuildFile; fileRef = 67BA7DB724E69BB200E67A63 /* UpdateUserProfileController.swift */; };
		67BA7DBC24E94A0600E67A63 /* Constants.swift in Sources */ = {isa = PBXBuildFile; fileRef = 67BA7DBB24E94A0600E67A63 /* Constants.swift */; };
		67FEE30824CC451F00D597A9 /* AppDelegate.swift in Sources */ = {isa = PBXBuildFile; fileRef = 67FEE30724CC451F00D597A9 /* AppDelegate.swift */; };
		67FEE30A24CC451F00D597A9 /* SceneDelegate.swift in Sources */ = {isa = PBXBuildFile; fileRef = 67FEE30924CC451F00D597A9 /* SceneDelegate.swift */; };
		67FEE30F24CC451F00D597A9 /* Main.storyboard in Resources */ = {isa = PBXBuildFile; fileRef = 67FEE30D24CC451F00D597A9 /* Main.storyboard */; };
		67FEE31124CC452200D597A9 /* Assets.xcassets in Resources */ = {isa = PBXBuildFile; fileRef = 67FEE31024CC452200D597A9 /* Assets.xcassets */; };
		67FEE31424CC452200D597A9 /* LaunchScreen.storyboard in Resources */ = {isa = PBXBuildFile; fileRef = 67FEE31224CC452200D597A9 /* LaunchScreen.storyboard */; };
		67FEE32224CC469E00D597A9 /* MainTabController.swift in Sources */ = {isa = PBXBuildFile; fileRef = 67FEE32124CC469E00D597A9 /* MainTabController.swift */; };
		67FEE32624CC4A6500D597A9 /* Top10Controller.swift in Sources */ = {isa = PBXBuildFile; fileRef = 67FEE32524CC4A6500D597A9 /* Top10Controller.swift */; };
		67FEE32824CC4A7E00D597A9 /* BookmarkController.swift in Sources */ = {isa = PBXBuildFile; fileRef = 67FEE32724CC4A7E00D597A9 /* BookmarkController.swift */; };
		67FEE32A24CC4A8E00D597A9 /* ExploreController.swift in Sources */ = {isa = PBXBuildFile; fileRef = 67FEE32924CC4A8E00D597A9 /* ExploreController.swift */; };
		67FEE32C24CC4AD100D597A9 /* FeedController.swift in Sources */ = {isa = PBXBuildFile; fileRef = 67FEE32B24CC4AD100D597A9 /* FeedController.swift */; };
		67FEE32E24CD26C000D597A9 /* Extentions.swift in Sources */ = {isa = PBXBuildFile; fileRef = 67FEE32D24CD26C000D597A9 /* Extentions.swift */; };
		67FEE33124CD2A8A00D597A9 /* Raleway-Regular.ttf in Resources */ = {isa = PBXBuildFile; fileRef = 67FEE33024CD2A8A00D597A9 /* Raleway-Regular.ttf */; };
		67FEE33324CD2AE500D597A9 /* Lora-Bold.ttf in Resources */ = {isa = PBXBuildFile; fileRef = 67FEE33224CD2AE500D597A9 /* Lora-Bold.ttf */; };
		67FEE33824CE253600D597A9 /* LoginController.swift in Sources */ = {isa = PBXBuildFile; fileRef = 67FEE33724CE253600D597A9 /* LoginController.swift */; };
		67FEE33D24CE2A7400D597A9 /* RegistrationController.swift in Sources */ = {isa = PBXBuildFile; fileRef = 67FEE33C24CE2A7400D597A9 /* RegistrationController.swift */; };
		67FEE33F24CE2E5000D597A9 /* Utilities.swift in Sources */ = {isa = PBXBuildFile; fileRef = 67FEE33E24CE2E5000D597A9 /* Utilities.swift */; };
/* End PBXBuildFile section */

/* Begin PBXFileReference section */
		67301ED424DD6E3D00B861C6 /* BookmarkService.swift */ = {isa = PBXFileReference; lastKnownFileType = sourcecode.swift; path = BookmarkService.swift; sourceTree = "<group>"; };
		67301ED624DE407A00B861C6 /* Bookmark.swift */ = {isa = PBXFileReference; lastKnownFileType = sourcecode.swift; path = Bookmark.swift; sourceTree = "<group>"; };
		67301ED824DEBCF000B861C6 /* BookmarkTableViewCell.swift */ = {isa = PBXFileReference; lastKnownFileType = sourcecode.swift; path = BookmarkTableViewCell.swift; sourceTree = "<group>"; };
		67301EDA24E0756900B861C6 /* ExploreFeedController.swift */ = {isa = PBXFileReference; lastKnownFileType = sourcecode.swift; path = ExploreFeedController.swift; sourceTree = "<group>"; };
		6744CF5524CF4CC700685AD3 /* GoogleService-Info.plist */ = {isa = PBXFileReference; fileEncoding = 4; lastKnownFileType = text.plist.xml; path = "GoogleService-Info.plist"; sourceTree = "<group>"; };
		674765DC24D0A7B100C66464 /* AuthService.swift */ = {isa = PBXFileReference; lastKnownFileType = sourcecode.swift; path = AuthService.swift; sourceTree = "<group>"; };
		674765DE24D10BFE00C66464 /* UserService.swift */ = {isa = PBXFileReference; lastKnownFileType = sourcecode.swift; path = UserService.swift; sourceTree = "<group>"; };
		674765E024D1122400C66464 /* User.swift */ = {isa = PBXFileReference; lastKnownFileType = sourcecode.swift; path = User.swift; sourceTree = "<group>"; };
		6751C7A824D1F2D50007E5A4 /* NewsCard.swift */ = {isa = PBXFileReference; lastKnownFileType = sourcecode.swift; path = NewsCard.swift; sourceTree = "<group>"; };
		6751C7AA24D265020007E5A4 /* NewsCardCell.swift */ = {isa = PBXFileReference; lastKnownFileType = sourcecode.swift; path = NewsCardCell.swift; sourceTree = "<group>"; };
		6751C7AE24D2DCC50007E5A4 /* Raleway-Bold.ttf */ = {isa = PBXFileReference; lastKnownFileType = file; path = "Raleway-Bold.ttf"; sourceTree = "<group>"; };
		67A828B324D57E5300E2884D /* NewsCardFeedController.swift */ = {isa = PBXFileReference; lastKnownFileType = sourcecode.swift; path = NewsCardFeedController.swift; sourceTree = "<group>"; };
		67A828B524D6D34B00E2884D /* NewsCardViewModel.swift */ = {isa = PBXFileReference; lastKnownFileType = sourcecode.swift; path = NewsCardViewModel.swift; sourceTree = "<group>"; };
		67A828B724D7B12C00E2884D /* WebService.swift */ = {isa = PBXFileReference; lastKnownFileType = sourcecode.swift; path = WebService.swift; sourceTree = "<group>"; };
		67A828B924D7B25C00E2884D /* Article.swift */ = {isa = PBXFileReference; lastKnownFileType = sourcecode.swift; path = Article.swift; sourceTree = "<group>"; };
		67A828BB24D7B2E600E2884D /* ArticleList.swift */ = {isa = PBXFileReference; lastKnownFileType = sourcecode.swift; path = ArticleList.swift; sourceTree = "<group>"; };
		67A828BD24D7B99200E2884D /* NewsCardFeedViewModel.swift */ = {isa = PBXFileReference; lastKnownFileType = sourcecode.swift; path = NewsCardFeedViewModel.swift; sourceTree = "<group>"; };
		67A828BF24D8198500E2884D /* ArticleListViewModel.swift */ = {isa = PBXFileReference; lastKnownFileType = sourcecode.swift; path = ArticleListViewModel.swift; sourceTree = "<group>"; };
		67A828C124D81B7E00E2884D /* News10TableViewCell.swift */ = {isa = PBXFileReference; lastKnownFileType = sourcecode.swift; path = News10TableViewCell.swift; sourceTree = "<group>"; };
		67B459F324E2A6D90080037B /* ProfileMenuController.swift */ = {isa = PBXFileReference; lastKnownFileType = sourcecode.swift; path = ProfileMenuController.swift; sourceTree = "<group>"; };
		67BA7DB724E69BB200E67A63 /* UpdateUserProfileController.swift */ = {isa = PBXFileReference; lastKnownFileType = sourcecode.swift; path = UpdateUserProfileController.swift; sourceTree = "<group>"; };
		67BA7DBB24E94A0600E67A63 /* Constants.swift */ = {isa = PBXFileReference; lastKnownFileType = sourcecode.swift; path = Constants.swift; sourceTree = "<group>"; };
		67FEE30424CC451F00D597A9 /* Top10News.app */ = {isa = PBXFileReference; explicitFileType = wrapper.application; includeInIndex = 0; path = Top10News.app; sourceTree = BUILT_PRODUCTS_DIR; };
		67FEE30724CC451F00D597A9 /* AppDelegate.swift */ = {isa = PBXFileReference; lastKnownFileType = sourcecode.swift; path = AppDelegate.swift; sourceTree = "<group>"; };
		67FEE30924CC451F00D597A9 /* SceneDelegate.swift */ = {isa = PBXFileReference; lastKnownFileType = sourcecode.swift; path = SceneDelegate.swift; sourceTree = "<group>"; };
		67FEE30E24CC451F00D597A9 /* Base */ = {isa = PBXFileReference; lastKnownFileType = file.storyboard; name = Base; path = Base.lproj/Main.storyboard; sourceTree = "<group>"; };
		67FEE31024CC452200D597A9 /* Assets.xcassets */ = {isa = PBXFileReference; lastKnownFileType = folder.assetcatalog; path = Assets.xcassets; sourceTree = "<group>"; };
		67FEE31324CC452200D597A9 /* Base */ = {isa = PBXFileReference; lastKnownFileType = file.storyboard; name = Base; path = Base.lproj/LaunchScreen.storyboard; sourceTree = "<group>"; };
		67FEE31524CC452200D597A9 /* Info.plist */ = {isa = PBXFileReference; lastKnownFileType = text.plist.xml; path = Info.plist; sourceTree = "<group>"; };
		67FEE32124CC469E00D597A9 /* MainTabController.swift */ = {isa = PBXFileReference; lastKnownFileType = sourcecode.swift; path = MainTabController.swift; sourceTree = "<group>"; };
		67FEE32524CC4A6500D597A9 /* Top10Controller.swift */ = {isa = PBXFileReference; lastKnownFileType = sourcecode.swift; path = Top10Controller.swift; sourceTree = "<group>"; };
		67FEE32724CC4A7E00D597A9 /* BookmarkController.swift */ = {isa = PBXFileReference; lastKnownFileType = sourcecode.swift; path = BookmarkController.swift; sourceTree = "<group>"; };
		67FEE32924CC4A8E00D597A9 /* ExploreController.swift */ = {isa = PBXFileReference; lastKnownFileType = sourcecode.swift; path = ExploreController.swift; sourceTree = "<group>"; };
		67FEE32B24CC4AD100D597A9 /* FeedController.swift */ = {isa = PBXFileReference; lastKnownFileType = sourcecode.swift; path = FeedController.swift; sourceTree = "<group>"; };
		67FEE32D24CD26C000D597A9 /* Extentions.swift */ = {isa = PBXFileReference; lastKnownFileType = sourcecode.swift; path = Extentions.swift; sourceTree = "<group>"; };
		67FEE33024CD2A8A00D597A9 /* Raleway-Regular.ttf */ = {isa = PBXFileReference; lastKnownFileType = file; path = "Raleway-Regular.ttf"; sourceTree = "<group>"; };
		67FEE33224CD2AE500D597A9 /* Lora-Bold.ttf */ = {isa = PBXFileReference; lastKnownFileType = file; path = "Lora-Bold.ttf"; sourceTree = "<group>"; };
		67FEE33724CE253600D597A9 /* LoginController.swift */ = {isa = PBXFileReference; lastKnownFileType = sourcecode.swift; path = LoginController.swift; sourceTree = "<group>"; };
		67FEE33C24CE2A7400D597A9 /* RegistrationController.swift */ = {isa = PBXFileReference; lastKnownFileType = sourcecode.swift; path = RegistrationController.swift; sourceTree = "<group>"; };
		67FEE33E24CE2E5000D597A9 /* Utilities.swift */ = {isa = PBXFileReference; lastKnownFileType = sourcecode.swift; path = Utilities.swift; sourceTree = "<group>"; };
		AC8D10A371767E98C64401C3 /* Pods-Top10News.debug.xcconfig */ = {isa = PBXFileReference; includeInIndex = 1; lastKnownFileType = text.xcconfig; name = "Pods-Top10News.debug.xcconfig"; path = "Target Support Files/Pods-Top10News/Pods-Top10News.debug.xcconfig"; sourceTree = "<group>"; };
		B3F2259678DF7E948BA8226B /* Pods-Top10News.release.xcconfig */ = {isa = PBXFileReference; includeInIndex = 1; lastKnownFileType = text.xcconfig; name = "Pods-Top10News.release.xcconfig"; path = "Target Support Files/Pods-Top10News/Pods-Top10News.release.xcconfig"; sourceTree = "<group>"; };
		DF2BF7A9521A9934644F0E97 /* Pods_Top10News.framework */ = {isa = PBXFileReference; explicitFileType = wrapper.framework; includeInIndex = 0; path = Pods_Top10News.framework; sourceTree = BUILT_PRODUCTS_DIR; };
/* End PBXFileReference section */

/* Begin PBXFrameworksBuildPhase section */
		67FEE30124CC451F00D597A9 /* Frameworks */ = {
			isa = PBXFrameworksBuildPhase;
			buildActionMask = 2147483647;
			files = (
				3554995AD49C6452288B994F /* Pods_Top10News.framework in Frameworks */,
			);
			runOnlyForDeploymentPostprocessing = 0;
		};
/* End PBXFrameworksBuildPhase section */

/* Begin PBXGroup section */
		2B765CC1001E61D804C4A91D /* Frameworks */ = {
			isa = PBXGroup;
			children = (
				DF2BF7A9521A9934644F0E97 /* Pods_Top10News.framework */,
			);
			name = Frameworks;
			sourceTree = "<group>";
		};
		67FEE2FB24CC451F00D597A9 = {
			isa = PBXGroup;
			children = (
				67FEE30624CC451F00D597A9 /* Top10News */,
				67FEE30524CC451F00D597A9 /* Products */,
				CF88A4CBCE354A2B64A55A4E /* Pods */,
				2B765CC1001E61D804C4A91D /* Frameworks */,
			);
			sourceTree = "<group>";
		};
		67FEE30524CC451F00D597A9 /* Products */ = {
			isa = PBXGroup;
			children = (
				67FEE30424CC451F00D597A9 /* Top10News.app */,
			);
			name = Products;
			sourceTree = "<group>";
		};
		67FEE30624CC451F00D597A9 /* Top10News */ = {
			isa = PBXGroup;
			children = (
				67FEE32024CC45E500D597A9 /* Model */,
				67FEE31F24CC45E200D597A9 /* View */,
				67FEE31E24CC45DD00D597A9 /* ViewModel */,
				67FEE31D24CC45D800D597A9 /* Controller */,
				67FEE31C24CC45D100D597A9 /* API */,
				67FEE31B24CC45CC00D597A9 /* Utils */,
				67FEE32F24CD297200D597A9 /* Resources */,
				67FEE30724CC451F00D597A9 /* AppDelegate.swift */,
				67FEE30924CC451F00D597A9 /* SceneDelegate.swift */,
				67FEE30D24CC451F00D597A9 /* Main.storyboard */,
				67FEE31024CC452200D597A9 /* Assets.xcassets */,
				67FEE31224CC452200D597A9 /* LaunchScreen.storyboard */,
				67FEE31524CC452200D597A9 /* Info.plist */,
				6744CF5524CF4CC700685AD3 /* GoogleService-Info.plist */,
			);
			path = Top10News;
			sourceTree = "<group>";
		};
		67FEE31B24CC45CC00D597A9 /* Utils */ = {
			isa = PBXGroup;
			children = (
				67FEE32D24CD26C000D597A9 /* Extentions.swift */,
				67FEE33E24CE2E5000D597A9 /* Utilities.swift */,
				67BA7DBB24E94A0600E67A63 /* Constants.swift */,
			);
			path = Utils;
			sourceTree = "<group>";
		};
		67FEE31C24CC45D100D597A9 /* API */ = {
			isa = PBXGroup;
			children = (
				674765DC24D0A7B100C66464 /* AuthService.swift */,
				674765DE24D10BFE00C66464 /* UserService.swift */,
				67A828B724D7B12C00E2884D /* WebService.swift */,
				67301ED424DD6E3D00B861C6 /* BookmarkService.swift */,
			);
			path = API;
			sourceTree = "<group>";
		};
		67FEE31D24CC45D800D597A9 /* Controller */ = {
			isa = PBXGroup;
			children = (
				67FEE33624CE251F00D597A9 /* Authentication */,
				67FEE32124CC469E00D597A9 /* MainTabController.swift */,
				67FEE32B24CC4AD100D597A9 /* FeedController.swift */,
				67FEE32524CC4A6500D597A9 /* Top10Controller.swift */,
				67FEE32724CC4A7E00D597A9 /* BookmarkController.swift */,
				67FEE32924CC4A8E00D597A9 /* ExploreController.swift */,
				67A828B324D57E5300E2884D /* NewsCardFeedController.swift */,
				67301EDA24E0756900B861C6 /* ExploreFeedController.swift */,
				67B459F324E2A6D90080037B /* ProfileMenuController.swift */,
			);
			path = Controller;
			sourceTree = "<group>";
		};
		67FEE31E24CC45DD00D597A9 /* ViewModel */ = {
			isa = PBXGroup;
			children = (
				67A828B524D6D34B00E2884D /* NewsCardViewModel.swift */,
				67A828BD24D7B99200E2884D /* NewsCardFeedViewModel.swift */,
				67A828BF24D8198500E2884D /* ArticleListViewModel.swift */,
			);
			path = ViewModel;
			sourceTree = "<group>";
		};
		67FEE31F24CC45E200D597A9 /* View */ = {
			isa = PBXGroup;
			children = (
				6751C7AA24D265020007E5A4 /* NewsCardCell.swift */,
				67A828C124D81B7E00E2884D /* News10TableViewCell.swift */,
				67301ED824DEBCF000B861C6 /* BookmarkTableViewCell.swift */,
			);
			path = View;
			sourceTree = "<group>";
		};
		67FEE32024CC45E500D597A9 /* Model */ = {
			isa = PBXGroup;
			children = (
				674765E024D1122400C66464 /* User.swift */,
				6751C7A824D1F2D50007E5A4 /* NewsCard.swift */,
				67A828B924D7B25C00E2884D /* Article.swift */,
				67A828BB24D7B2E600E2884D /* ArticleList.swift */,
				67301ED624DE407A00B861C6 /* Bookmark.swift */,
			);
			path = Model;
			sourceTree = "<group>";
		};
		67FEE32F24CD297200D597A9 /* Resources */ = {
			isa = PBXGroup;
			children = (
				67FEE33224CD2AE500D597A9 /* Lora-Bold.ttf */,
				67FEE33024CD2A8A00D597A9 /* Raleway-Regular.ttf */,
				6751C7AE24D2DCC50007E5A4 /* Raleway-Bold.ttf */,
			);
			path = Resources;
			sourceTree = "<group>";
		};
		67FEE33624CE251F00D597A9 /* Authentication */ = {
			isa = PBXGroup;
			children = (
				67FEE33724CE253600D597A9 /* LoginController.swift */,
				67FEE33C24CE2A7400D597A9 /* RegistrationController.swift */,
				67BA7DB724E69BB200E67A63 /* UpdateUserProfileController.swift */,
			);
			path = Authentication;
			sourceTree = "<group>";
		};
		CF88A4CBCE354A2B64A55A4E /* Pods */ = {
			isa = PBXGroup;
			children = (
				AC8D10A371767E98C64401C3 /* Pods-Top10News.debug.xcconfig */,
				B3F2259678DF7E948BA8226B /* Pods-Top10News.release.xcconfig */,
			);
			path = Pods;
			sourceTree = "<group>";
		};
/* End PBXGroup section */

/* Begin PBXNativeTarget section */
		67FEE30324CC451F00D597A9 /* Top10News */ = {
			isa = PBXNativeTarget;
			buildConfigurationList = 67FEE31824CC452200D597A9 /* Build configuration list for PBXNativeTarget "Top10News" */;
			buildPhases = (
				5A94E4BC6F4BD68C64B20A57 /* [CP] Check Pods Manifest.lock */,
				67FEE30024CC451F00D597A9 /* Sources */,
				67FEE30124CC451F00D597A9 /* Frameworks */,
				67FEE30224CC451F00D597A9 /* Resources */,
				4FEC7684B36637592E6063CC /* [CP] Embed Pods Frameworks */,
			);
			buildRules = (
			);
			dependencies = (
			);
			name = Top10News;
			productName = Top10News;
			productReference = 67FEE30424CC451F00D597A9 /* Top10News.app */;
			productType = "com.apple.product-type.application";
		};
/* End PBXNativeTarget section */

/* Begin PBXProject section */
		67FEE2FC24CC451F00D597A9 /* Project object */ = {
			isa = PBXProject;
			attributes = {
				LastSwiftUpdateCheck = 1160;
				LastUpgradeCheck = 1160;
				ORGANIZATIONNAME = "Taylor Patterson";
				TargetAttributes = {
					67FEE30324CC451F00D597A9 = {
						CreatedOnToolsVersion = 11.6;
					};
				};
			};
			buildConfigurationList = 67FEE2FF24CC451F00D597A9 /* Build configuration list for PBXProject "Top10News" */;
			compatibilityVersion = "Xcode 9.3";
			developmentRegion = en;
			hasScannedForEncodings = 0;
			knownRegions = (
				en,
				Base,
			);
			mainGroup = 67FEE2FB24CC451F00D597A9;
			productRefGroup = 67FEE30524CC451F00D597A9 /* Products */;
			projectDirPath = "";
			projectRoot = "";
			targets = (
				67FEE30324CC451F00D597A9 /* Top10News */,
			);
		};
/* End PBXProject section */

/* Begin PBXResourcesBuildPhase section */
		67FEE30224CC451F00D597A9 /* Resources */ = {
			isa = PBXResourcesBuildPhase;
			buildActionMask = 2147483647;
			files = (
				6751C7AF24D2DCC50007E5A4 /* Raleway-Bold.ttf in Resources */,
				67FEE31424CC452200D597A9 /* LaunchScreen.storyboard in Resources */,
				67FEE31124CC452200D597A9 /* Assets.xcassets in Resources */,
				67FEE30F24CC451F00D597A9 /* Main.storyboard in Resources */,
				67FEE33324CD2AE500D597A9 /* Lora-Bold.ttf in Resources */,
				67FEE33124CD2A8A00D597A9 /* Raleway-Regular.ttf in Resources */,
				6744CF5624CF4CC700685AD3 /* GoogleService-Info.plist in Resources */,
			);
			runOnlyForDeploymentPostprocessing = 0;
		};
/* End PBXResourcesBuildPhase section */

/* Begin PBXShellScriptBuildPhase section */
		4FEC7684B36637592E6063CC /* [CP] Embed Pods Frameworks */ = {
			isa = PBXShellScriptBuildPhase;
			buildActionMask = 2147483647;
			files = (
			);
			inputFileListPaths = (
				"${PODS_ROOT}/Target Support Files/Pods-Top10News/Pods-Top10News-frameworks-${CONFIGURATION}-input-files.xcfilelist",
			);
			name = "[CP] Embed Pods Frameworks";
			outputFileListPaths = (
				"${PODS_ROOT}/Target Support Files/Pods-Top10News/Pods-Top10News-frameworks-${CONFIGURATION}-output-files.xcfilelist",
			);
			runOnlyForDeploymentPostprocessing = 0;
			shellPath = /bin/sh;
			shellScript = "\"${PODS_ROOT}/Target Support Files/Pods-Top10News/Pods-Top10News-frameworks.sh\"\n";
			showEnvVarsInLog = 0;
		};
		5A94E4BC6F4BD68C64B20A57 /* [CP] Check Pods Manifest.lock */ = {
			isa = PBXShellScriptBuildPhase;
			buildActionMask = 2147483647;
			files = (
			);
			inputFileListPaths = (
			);
			inputPaths = (
				"${PODS_PODFILE_DIR_PATH}/Podfile.lock",
				"${PODS_ROOT}/Manifest.lock",
			);
			name = "[CP] Check Pods Manifest.lock";
			outputFileListPaths = (
			);
			outputPaths = (
				"$(DERIVED_FILE_DIR)/Pods-Top10News-checkManifestLockResult.txt",
			);
			runOnlyForDeploymentPostprocessing = 0;
			shellPath = /bin/sh;
			shellScript = "diff \"${PODS_PODFILE_DIR_PATH}/Podfile.lock\" \"${PODS_ROOT}/Manifest.lock\" > /dev/null\nif [ $? != 0 ] ; then\n    # print error to STDERR\n    echo \"error: The sandbox is not in sync with the Podfile.lock. Run 'pod install' or update your CocoaPods installation.\" >&2\n    exit 1\nfi\n# This output is used by Xcode 'outputs' to avoid re-running this script phase.\necho \"SUCCESS\" > \"${SCRIPT_OUTPUT_FILE_0}\"\n";
			showEnvVarsInLog = 0;
		};
/* End PBXShellScriptBuildPhase section */

/* Begin PBXSourcesBuildPhase section */
		67FEE30024CC451F00D597A9 /* Sources */ = {
			isa = PBXSourcesBuildPhase;
			buildActionMask = 2147483647;
			files = (
				67B459F424E2A6D90080037B /* ProfileMenuController.swift in Sources */,
				674765DF24D10BFE00C66464 /* UserService.swift in Sources */,
				67A828C024D8198500E2884D /* ArticleListViewModel.swift in Sources */,
				67FEE32624CC4A6500D597A9 /* Top10Controller.swift in Sources */,
				67FEE30824CC451F00D597A9 /* AppDelegate.swift in Sources */,
				67A828B824D7B12C00E2884D /* WebService.swift in Sources */,
				67301ED524DD6E3D00B861C6 /* BookmarkService.swift in Sources */,
				67FEE32C24CC4AD100D597A9 /* FeedController.swift in Sources */,
				67FEE32A24CC4A8E00D597A9 /* ExploreController.swift in Sources */,
				67BA7DBC24E94A0600E67A63 /* Constants.swift in Sources */,
				67A828BC24D7B2E600E2884D /* ArticleList.swift in Sources */,
				6751C7AB24D265030007E5A4 /* NewsCardCell.swift in Sources */,
				6751C7A924D1F2D50007E5A4 /* NewsCard.swift in Sources */,
				67301ED924DEBCF000B861C6 /* BookmarkTableViewCell.swift in Sources */,
				67FEE33F24CE2E5000D597A9 /* Utilities.swift in Sources */,
				67FEE32E24CD26C000D597A9 /* Extentions.swift in Sources */,
				674765DD24D0A7B100C66464 /* AuthService.swift in Sources */,
				67A828BE24D7B99200E2884D /* NewsCardFeedViewModel.swift in Sources */,
				67A828B424D57E5300E2884D /* NewsCardFeedController.swift in Sources */,
				674765E124D1122400C66464 /* User.swift in Sources */,
				67FEE30A24CC451F00D597A9 /* SceneDelegate.swift in Sources */,
				67A828BA24D7B25C00E2884D /* Article.swift in Sources */,
				67A828C224D81B7E00E2884D /* News10TableViewCell.swift in Sources */,
				67FEE33D24CE2A7400D597A9 /* RegistrationController.swift in Sources */,
				67301EDB24E0756900B861C6 /* ExploreFeedController.swift in Sources */,
				67FEE32224CC469E00D597A9 /* MainTabController.swift in Sources */,
				67BA7DB824E69BB200E67A63 /* UpdateUserProfileController.swift in Sources */,
				67FEE32824CC4A7E00D597A9 /* BookmarkController.swift in Sources */,
				67A828B624D6D34B00E2884D /* NewsCardViewModel.swift in Sources */,
				67FEE33824CE253600D597A9 /* LoginController.swift in Sources */,
				67301ED724DE407A00B861C6 /* Bookmark.swift in Sources */,
			);
			runOnlyForDeploymentPostprocessing = 0;
		};
/* End PBXSourcesBuildPhase section */

/* Begin PBXVariantGroup section */
		67FEE30D24CC451F00D597A9 /* Main.storyboard */ = {
			isa = PBXVariantGroup;
			children = (
				67FEE30E24CC451F00D597A9 /* Base */,
			);
			name = Main.storyboard;
			sourceTree = "<group>";
		};
		67FEE31224CC452200D597A9 /* LaunchScreen.storyboard */ = {
			isa = PBXVariantGroup;
			children = (
				67FEE31324CC452200D597A9 /* Base */,
			);
			name = LaunchScreen.storyboard;
			sourceTree = "<group>";
		};
/* End PBXVariantGroup section */

/* Begin XCBuildConfiguration section */
		67FEE31624CC452200D597A9 /* Debug */ = {
			isa = XCBuildConfiguration;
			buildSettings = {
				ALWAYS_SEARCH_USER_PATHS = NO;
				CLANG_ANALYZER_NONNULL = YES;
				CLANG_ANALYZER_NUMBER_OBJECT_CONVERSION = YES_AGGRESSIVE;
				CLANG_CXX_LANGUAGE_STANDARD = "gnu++14";
				CLANG_CXX_LIBRARY = "libc++";
				CLANG_ENABLE_MODULES = YES;
				CLANG_ENABLE_OBJC_ARC = YES;
				CLANG_ENABLE_OBJC_WEAK = YES;
				CLANG_WARN_BLOCK_CAPTURE_AUTORELEASING = YES;
				CLANG_WARN_BOOL_CONVERSION = YES;
				CLANG_WARN_COMMA = YES;
				CLANG_WARN_CONSTANT_CONVERSION = YES;
				CLANG_WARN_DEPRECATED_OBJC_IMPLEMENTATIONS = YES;
				CLANG_WARN_DIRECT_OBJC_ISA_USAGE = YES_ERROR;
				CLANG_WARN_DOCUMENTATION_COMMENTS = YES;
				CLANG_WARN_EMPTY_BODY = YES;
				CLANG_WARN_ENUM_CONVERSION = YES;
				CLANG_WARN_INFINITE_RECURSION = YES;
				CLANG_WARN_INT_CONVERSION = YES;
				CLANG_WARN_NON_LITERAL_NULL_CONVERSION = YES;
				CLANG_WARN_OBJC_IMPLICIT_RETAIN_SELF = YES;
				CLANG_WARN_OBJC_LITERAL_CONVERSION = YES;
				CLANG_WARN_OBJC_ROOT_CLASS = YES_ERROR;
				CLANG_WARN_RANGE_LOOP_ANALYSIS = YES;
				CLANG_WARN_STRICT_PROTOTYPES = YES;
				CLANG_WARN_SUSPICIOUS_MOVE = YES;
				CLANG_WARN_UNGUARDED_AVAILABILITY = YES_AGGRESSIVE;
				CLANG_WARN_UNREACHABLE_CODE = YES;
				CLANG_WARN__DUPLICATE_METHOD_MATCH = YES;
				COPY_PHASE_STRIP = NO;
				DEBUG_INFORMATION_FORMAT = dwarf;
				ENABLE_STRICT_OBJC_MSGSEND = YES;
				ENABLE_TESTABILITY = YES;
				GCC_C_LANGUAGE_STANDARD = gnu11;
				GCC_DYNAMIC_NO_PIC = NO;
				GCC_NO_COMMON_BLOCKS = YES;
				GCC_OPTIMIZATION_LEVEL = 0;
				GCC_PREPROCESSOR_DEFINITIONS = (
					"DEBUG=1",
					"$(inherited)",
				);
				GCC_WARN_64_TO_32_BIT_CONVERSION = YES;
				GCC_WARN_ABOUT_RETURN_TYPE = YES_ERROR;
				GCC_WARN_UNDECLARED_SELECTOR = YES;
				GCC_WARN_UNINITIALIZED_AUTOS = YES_AGGRESSIVE;
				GCC_WARN_UNUSED_FUNCTION = YES;
				GCC_WARN_UNUSED_VARIABLE = YES;
				IPHONEOS_DEPLOYMENT_TARGET = 13.6;
				MTL_ENABLE_DEBUG_INFO = INCLUDE_SOURCE;
				MTL_FAST_MATH = YES;
				ONLY_ACTIVE_ARCH = YES;
				SDKROOT = iphoneos;
				SWIFT_ACTIVE_COMPILATION_CONDITIONS = DEBUG;
				SWIFT_OPTIMIZATION_LEVEL = "-Onone";
			};
			name = Debug;
		};
		67FEE31724CC452200D597A9 /* Release */ = {
			isa = XCBuildConfiguration;
			buildSettings = {
				ALWAYS_SEARCH_USER_PATHS = NO;
				CLANG_ANALYZER_NONNULL = YES;
				CLANG_ANALYZER_NUMBER_OBJECT_CONVERSION = YES_AGGRESSIVE;
				CLANG_CXX_LANGUAGE_STANDARD = "gnu++14";
				CLANG_CXX_LIBRARY = "libc++";
				CLANG_ENABLE_MODULES = YES;
				CLANG_ENABLE_OBJC_ARC = YES;
				CLANG_ENABLE_OBJC_WEAK = YES;
				CLANG_WARN_BLOCK_CAPTURE_AUTORELEASING = YES;
				CLANG_WARN_BOOL_CONVERSION = YES;
				CLANG_WARN_COMMA = YES;
				CLANG_WARN_CONSTANT_CONVERSION = YES;
				CLANG_WARN_DEPRECATED_OBJC_IMPLEMENTATIONS = YES;
				CLANG_WARN_DIRECT_OBJC_ISA_USAGE = YES_ERROR;
				CLANG_WARN_DOCUMENTATION_COMMENTS = YES;
				CLANG_WARN_EMPTY_BODY = YES;
				CLANG_WARN_ENUM_CONVERSION = YES;
				CLANG_WARN_INFINITE_RECURSION = YES;
				CLANG_WARN_INT_CONVERSION = YES;
				CLANG_WARN_NON_LITERAL_NULL_CONVERSION = YES;
				CLANG_WARN_OBJC_IMPLICIT_RETAIN_SELF = YES;
				CLANG_WARN_OBJC_LITERAL_CONVERSION = YES;
				CLANG_WARN_OBJC_ROOT_CLASS = YES_ERROR;
				CLANG_WARN_RANGE_LOOP_ANALYSIS = YES;
				CLANG_WARN_STRICT_PROTOTYPES = YES;
				CLANG_WARN_SUSPICIOUS_MOVE = YES;
				CLANG_WARN_UNGUARDED_AVAILABILITY = YES_AGGRESSIVE;
				CLANG_WARN_UNREACHABLE_CODE = YES;
				CLANG_WARN__DUPLICATE_METHOD_MATCH = YES;
				COPY_PHASE_STRIP = NO;
				DEBUG_INFORMATION_FORMAT = "dwarf-with-dsym";
				ENABLE_NS_ASSERTIONS = NO;
				ENABLE_STRICT_OBJC_MSGSEND = YES;
				GCC_C_LANGUAGE_STANDARD = gnu11;
				GCC_NO_COMMON_BLOCKS = YES;
				GCC_WARN_64_TO_32_BIT_CONVERSION = YES;
				GCC_WARN_ABOUT_RETURN_TYPE = YES_ERROR;
				GCC_WARN_UNDECLARED_SELECTOR = YES;
				GCC_WARN_UNINITIALIZED_AUTOS = YES_AGGRESSIVE;
				GCC_WARN_UNUSED_FUNCTION = YES;
				GCC_WARN_UNUSED_VARIABLE = YES;
				IPHONEOS_DEPLOYMENT_TARGET = 13.6;
				MTL_ENABLE_DEBUG_INFO = NO;
				MTL_FAST_MATH = YES;
				SDKROOT = iphoneos;
				SWIFT_COMPILATION_MODE = wholemodule;
				SWIFT_OPTIMIZATION_LEVEL = "-O";
				VALIDATE_PRODUCT = YES;
			};
			name = Release;
		};
		67FEE31924CC452200D597A9 /* Debug */ = {
			isa = XCBuildConfiguration;
			baseConfigurationReference = AC8D10A371767E98C64401C3 /* Pods-Top10News.debug.xcconfig */;
			buildSettings = {
				ASSETCATALOG_COMPILER_APPICON_NAME = AppIcon;
				CODE_SIGN_STYLE = Automatic;
				DEVELOPMENT_TEAM = D73DG79L79;
				INFOPLIST_FILE = Top10News/Info.plist;
				LD_RUNPATH_SEARCH_PATHS = (
					"$(inherited)",
					"@executable_path/Frameworks",
				);
				PRODUCT_BUNDLE_IDENTIFIER = dev.taylorpatterson.Top10News;
				PRODUCT_NAME = "$(TARGET_NAME)";
				SWIFT_VERSION = 5.0;
				TARGETED_DEVICE_FAMILY = "1,2";
			};
			name = Debug;
		};
		67FEE31A24CC452200D597A9 /* Release */ = {
			isa = XCBuildConfiguration;
			baseConfigurationReference = B3F2259678DF7E948BA8226B /* Pods-Top10News.release.xcconfig */;
			buildSettings = {
				ASSETCATALOG_COMPILER_APPICON_NAME = AppIcon;
				CODE_SIGN_STYLE = Automatic;
				DEVELOPMENT_TEAM = D73DG79L79;
				INFOPLIST_FILE = Top10News/Info.plist;
				LD_RUNPATH_SEARCH_PATHS = (
					"$(inherited)",
					"@executable_path/Frameworks",
				);
				PRODUCT_BUNDLE_IDENTIFIER = dev.taylorpatterson.Top10News;
				PRODUCT_NAME = "$(TARGET_NAME)";
				SWIFT_VERSION = 5.0;
				TARGETED_DEVICE_FAMILY = "1,2";
			};
			name = Release;
		};
/* End XCBuildConfiguration section */

/* Begin XCConfigurationList section */
		67FEE2FF24CC451F00D597A9 /* Build configuration list for PBXProject "Top10News" */ = {
			isa = XCConfigurationList;
			buildConfigurations = (
				67FEE31624CC452200D597A9 /* Debug */,
				67FEE31724CC452200D597A9 /* Release */,
			);
			defaultConfigurationIsVisible = 0;
			defaultConfigurationName = Release;
		};
		67FEE31824CC452200D597A9 /* Build configuration list for PBXNativeTarget "Top10News" */ = {
			isa = XCConfigurationList;
			buildConfigurations = (
				67FEE31924CC452200D597A9 /* Debug */,
				67FEE31A24CC452200D597A9 /* Release */,
			);
			defaultConfigurationIsVisible = 0;
			defaultConfigurationName = Release;
		};
/* End XCConfigurationList section */
	};
	rootObject = 67FEE2FC24CC451F00D597A9 /* Project object */;
}
